github.com/davecgh/go-spew v1.1.0/go.mod h1:J7Y8YcW2NihsgmVo/mv3lAwl/skON4iLHjSsI+c5H38=
github.com/davecgh/go-spew v1.1.1 h1:vj9j/u1bqnvCEfJOwUhtlOARqs3+rkHYY13jYWTU97c=
github.com/davecgh/go-spew v1.1.1/go.mod h1:J7Y8YcW2NihsgmVo/mv3lAwl/skON4iLHjSsI+c5H38=
github.com/joho/godotenv v1.3.0/go.mod h1:7hK45KPybAkOC6peb+G5yklZfMxEjkZhHbwpqxOKXbg=
github.com/lanvard/contract v0.0.0 h1:NOeDlTnpal39LZIhqCjwqvPTfVT4JHR+eL3Z/DtXTtE=
github.com/lanvard/contract v0.0.0/go.mod h1:L8UPJZgqohrv9Qdsr241S8Nf609MaevWjwM9I2rGSG4=
github.com/lanvard/errors v0.9.1 h1:Y262fxNjNFbTDky6v36+TtSmJ9oyBx/SjQTOcza5EAQ=
github.com/lanvard/errors v0.9.1/go.mod h1:dmkl+K5ltsuM06o4qpfWoSW7lbNY7Mp0IvIsZk6v7PI=
github.com/lanvard/errors v0.10.0 h1:GFubzEALjc7AduxXS0LktuC6oUGIqJLyTSTmVppKqso=
github.com/lanvard/errors v0.10.0/go.mod h1:HOT6xhrGp/4ju9DhWceogz5kOmQOyEujQD62vrbU1Mc=
github.com/lanvard/syslog v0.0.0-20201006215111-98d4d91dbaa8 h1:UNQVQUBzWHftviJ5fZi+QQs4NS3Jbwfe+GoYP8U3oCw=
github.com/lanvard/syslog v0.0.0-20201006215111-98d4d91dbaa8/go.mod h1:8a4fckuv2otec6e5QrkR0xwJ82e5PA84ot7wjDWhXQQ=
github.com/lanvard/syslog v0.0.0-20201116213126-66df7a6162c3 h1:vvXU6JyBtmyJk7GiIYuKLXvaOhpsuYWmFkQvVlRCHuw=
github.com/lanvard/syslog v0.0.0-20201116213126-66df7a6162c3/go.mod h1:6sHzIViIX9PeXYI+gBvfsU2svTGQhy5F51SFPxnxSZs=
github.com/lanvard/syslog v0.0.0 h1:tGPg/l/aMPlWAHyoXdJ+i5JQDj90HyoU+srhBvFJVjI=
github.com/lanvard/validation v0.0.0-20201116205703-8aad92bf4d9a/go.mod h1:OyIBuiQMHRVwe64ICcgAq+UpIvwLcq3yhmPEEqwTST4=
github.com/pkg/errors v0.9.1 h1:FEBLx1zS214owpjy7qsBeixbURkuhQAwrK5UwLGTwt4=
github.com/pkg/errors v0.9.1/go.mod h1:bwawxfHBFNV+L2hUp1rHADufV3IMtnDRdf1r5NINEl0=
github.com/pmezard/go-difflib v1.0.0 h1:4DBwDE0NGyQoBHbLQYPwSUPoCMWR5BEzIk/f1lZbAQM=
github.com/pmezard/go-difflib v1.0.0/go.mod h1:iKH77koFhYxTK1pcRnkKkqfTogsbg7gZNVY4sRDYZ/4=
github.com/spf13/cast v1.3.1 h1:nFm6S0SMdyzrzcmThSipiEubIDy8WEXKNZ0UOgiRpng=
github.com/spf13/cast v1.3.1/go.mod h1:Qx5cxh0v+4UWYiBimWS+eyWzqEqokIECu5etghLkUJE=
github.com/stretchr/objx v0.1.0/go.mod h1:HFkY916IF+rwdDfMAkV7OtwuqBVzrE8GR6GFx+wExME=
github.com/stretchr/testify v1.2.2/go.mod h1:a8OnRcib4nhh0OaRAV+Yts87kKdq0PP7pXfy6kDkUVs=
github.com/stretchr/testify v1.6.1 h1:hDPOHmpOpP40lSULcqw7IrRb/u7w6RpDC9399XyoNd0=
github.com/stretchr/testify v1.6.1/go.mod h1:6Fq8oRcR53rry900zMqJjRRixrwX3KX962/h/Wwjteg=
github.com/uniplaces/carbon v0.1.6 h1:JVxwWs8FfwAN+PvB2bh9WCZRX2u1Vp77cGXr51uzxJs=
github.com/uniplaces/carbon v0.1.6/go.mod h1:glebpttsTxh8fBbciRAy3WvLfhBVa8n7qfgDTMAuJ3Y=
golang.org/x/text v0.3.2/go.mod h1:bEr9sfX3Q8Zfm5fL9x+3itogRgK3+ptLWKqgva+5dAk=
golang.org/x/tools v0.0.0-20180917221912-90fa682c2a6e/go.mod h1:n7NCudcB/nEzxVGmLbDWY5pfWTLqBcC2KZ6jyYvM4mQ=
gopkg.in/check.v1 v0.0.0-20161208181325-20d25e280405 h1:yhCVgyC4o1eVCa2tZl7eS0r+SDo693bJlVdllGtEeKM=
gopkg.in/check.v1 v0.0.0-20161208181325-20d25e280405/go.mod h1:Co6ibVJAznAaIkqp8huTwlJQCZ016jof/cbN4VW5Yz0=
gopkg.in/yaml.v2 v2.2.2/go.mod h1:hI93XBmqTisBFMUTm0b8Fm+jr3Dg1NNxqwp+5A1VGuI=
gopkg.in/yaml.v3 v3.0.0-20200313102051-9f266ea9e77c h1:dUUwHk2QECo/6vqA44rthZ8ie2QXMNeKRTHCNY2nXvo=
gopkg.in/yaml.v3 v3.0.0-20200313102051-9f266ea9e77c/go.mod h1:K4uyk7z7BCEPqu6E+C64Yfv1cQ7kz7rIZviUmN+EgEM=
